{
  "version": "5",
  "specifiers": {
    "jsr:@deno/esbuild-plugin@^1.2.0": "1.2.0",
    "jsr:@deno/loader@~0.3.3": "0.3.9",
    "jsr:@fresh/build-id@1": "1.0.1",
    "jsr:@fresh/core@2": "2.1.4",
    "jsr:@fresh/core@^2.1.4": "2.1.4",
    "jsr:@fresh/plugin-tailwind@1": "1.0.0",
    "jsr:@std/bytes@^1.0.6": "1.0.6",
    "jsr:@std/encoding@^1.0.10": "1.0.10",
    "jsr:@std/fmt@^1.0.8": "1.0.8",
    "jsr:@std/fs@^1.0.19": "1.0.19",
    "jsr:@std/html@^1.0.5": "1.0.5",
    "jsr:@std/http@^1.0.21": "1.0.21",
    "jsr:@std/internal@^1.0.10": "1.0.12",
    "jsr:@std/json@^1.0.2": "1.0.2",
    "jsr:@std/jsonc@^1.0.2": "1.0.2",
    "jsr:@std/media-types@^1.1.0": "1.1.0",
    "jsr:@std/path@^1.1.1": "1.1.2",
    "jsr:@std/path@^1.1.2": "1.1.2",
    "jsr:@std/semver@^1.0.6": "1.0.6",
    "jsr:@std/uuid@^1.0.9": "1.0.9",
    "npm:@opentelemetry/api@^1.9.0": "1.9.0",
    "npm:@preact/signals@^2.2.1": "2.3.2_preact@10.27.2",
    "npm:@preact/signals@^2.3.2": "2.3.2_preact@10.27.2",
    "npm:@tailwindcss/postcss@^4.1.10": "4.1.14",
    "npm:@types/node@*": "24.2.0",
    "npm:daisyui@^5.2.3": "5.2.3",
    "npm:esbuild-wasm@~0.25.11": "0.25.11",
    "npm:esbuild@0.25.7": "0.25.7",
    "npm:esbuild@~0.25.5": "0.25.7",
    "npm:postcss@8.5.6": "8.5.6",
    "npm:preact-render-to-string@^6.6.3": "6.6.3_preact@10.27.2",
    "npm:preact@^10.27.0": "10.27.2",
    "npm:preact@^10.27.2": "10.27.2",
    "npm:tailwindcss@4": "4.1.14"
  },
  "jsr": {
    "@deno/esbuild-plugin@1.2.0": {
      "integrity": "04ddd0fca9416d8a2866263928a53b9d5ed08dfca064d64504a0aaf9800c709e",
      "dependencies": [
        "jsr:@deno/loader",
        "jsr:@std/path@^1.1.1",
        "npm:esbuild@~0.25.5"
      ]
    },
    "@deno/loader@0.3.9": {
      "integrity": "703d44656f7da0fa4a4a7f8a5105b5b41320821286508c2967b4252a00a2506f"
    },
    "@fresh/build-id@1.0.1": {
      "integrity": "12a2ec25fd52ae9ec68c26848a5696cd1c9b537f7c983c7e56e4fb1e7e816c20",
      "dependencies": [
        "jsr:@std/encoding"
      ]
    },
    "@fresh/core@2.1.4": {
      "integrity": "ce6321efe9ec5de38631a52a79f1691e37805c11df8b96472c788805e5e3a214",
      "dependencies": [
        "jsr:@deno/esbuild-plugin",
        "jsr:@fresh/build-id",
        "jsr:@std/encoding",
        "jsr:@std/fmt",
        "jsr:@std/fs",
        "jsr:@std/html",
        "jsr:@std/http",
        "jsr:@std/jsonc",
        "jsr:@std/media-types",
        "jsr:@std/path@^1.1.2",
        "jsr:@std/semver",
        "jsr:@std/uuid",
        "npm:@opentelemetry/api",
        "npm:@preact/signals@^2.2.1",
        "npm:esbuild-wasm",
        "npm:esbuild@0.25.7",
        "npm:preact-render-to-string",
        "npm:preact@^10.27.0",
        "npm:preact@^10.27.2"
      ]
    },
    "@fresh/plugin-tailwind@1.0.0": {
      "integrity": "3bb3598fb0422392d52ad017285f1d702f1d7b3bddd4028f9da90c0c3baebf37",
      "dependencies": [
        "jsr:@fresh/core@2",
        "npm:@tailwindcss/postcss",
        "npm:postcss"
      ]
    },
    "@std/bytes@1.0.6": {
      "integrity": "f6ac6adbd8ccd99314045f5703e23af0a68d7f7e58364b47d2c7f408aeb5820a"
    },
    "@std/encoding@1.0.10": {
      "integrity": "8783c6384a2d13abd5e9e87a7ae0520a30e9f56aeeaa3bdf910a3eaaf5c811a1"
    },
    "@std/fmt@1.0.8": {
      "integrity": "71e1fc498787e4434d213647a6e43e794af4fd393ef8f52062246e06f7e372b7"
    },
    "@std/fs@1.0.19": {
      "integrity": "051968c2b1eae4d2ea9f79a08a3845740ef6af10356aff43d3e2ef11ed09fb06",
      "dependencies": [
        "jsr:@std/path@^1.1.1"
      ]
    },
    "@std/html@1.0.5": {
      "integrity": "4e2d693f474cae8c16a920fa5e15a3b72267b94b84667f11a50c6dd1cb18d35e"
    },
    "@std/http@1.0.21": {
      "integrity": "abb5c747651ee6e3ea6139858fd9b1810d2c97f53a5e6722f3b6d27a6d263edc",
      "dependencies": [
        "jsr:@std/encoding"
      ]
    },
    "@std/internal@1.0.12": {
      "integrity": "972a634fd5bc34b242024402972cd5143eac68d8dffaca5eaa4dba30ce17b027"
    },
    "@std/json@1.0.2": {
      "integrity": "d9e5497801c15fb679f55a2c01c7794ad7a5dfda4dd1bebab5e409cb5e0d34d4"
    },
    "@std/jsonc@1.0.2": {
      "integrity": "909605dae3af22bd75b1cbda8d64a32cf1fd2cf6efa3f9e224aba6d22c0f44c7",
      "dependencies": [
        "jsr:@std/json"
      ]
    },
    "@std/media-types@1.1.0": {
      "integrity": "c9d093f0c05c3512932b330e3cc1fe1d627b301db33a4c2c2185c02471d6eaa4"
    },
    "@std/path@1.1.2": {
      "integrity": "c0b13b97dfe06546d5e16bf3966b1cadf92e1cc83e56ba5476ad8b498d9e3038",
      "dependencies": [
        "jsr:@std/internal"
      ]
    },
    "@std/semver@1.0.6": {
      "integrity": "b7c98ae2843547cf3f7ac37f3995889e6e4cee0a97b57b57f17f62722843303c"
    },
    "@std/uuid@1.0.9": {
      "integrity": "44b627bf2d372fe1bd099e2ad41b2be41a777fc94e62a3151006895a037f1642",
      "dependencies": [
        "jsr:@std/bytes"
      ]
    }
  },
  "npm": {
    "@alloc/quick-lru@5.2.0": {
      "integrity": "sha512-UrcABB+4bUrFABwbluTIBErXwvbsU/V7TZWfmbgJfbkwiBuziS9gxdODUyuiecfdGQ85jglMW6juS3+z5TsKLw=="
    },
    "@esbuild/aix-ppc64@0.25.7": {
      "integrity": "sha512-uD0kKFHh6ETr8TqEtaAcV+dn/2qnYbH/+8wGEdY70Qf7l1l/jmBUbrmQqwiPKAQE6cOQ7dTj6Xr0HzQDGHyceQ==",
      "os": ["aix"],
      "cpu": ["ppc64"]
    },
    "@esbuild/android-arm64@0.25.7": {
      "integrity": "sha512-p0ohDnwyIbAtztHTNUTzN5EGD/HJLs1bwysrOPgSdlIA6NDnReoVfoCyxG6W1d85jr2X80Uq5KHftyYgaK9LPQ==",
      "os": ["android"],
      "cpu": ["arm64"]
    },
    "@esbuild/android-arm@0.25.7": {
      "integrity": "sha512-Jhuet0g1k9rAJHrXGIh7sFknFuT4sfytYZpZpuZl7YKDhnPByVAm5oy2LEBmMbuYf3ejWVYCc2seX81Mk+madA==",
      "os": ["android"],
      "cpu": ["arm"]
    },
    "@esbuild/android-x64@0.25.7": {
      "integrity": "sha512-mMxIJFlSgVK23HSsII3ZX9T2xKrBCDGyk0qiZnIW10LLFFtZLkFD6imZHu7gUo2wkNZwS9Yj3mOtZD3ZPcjCcw==",
      "os": ["android"],
      "cpu": ["x64"]
    },
    "@esbuild/darwin-arm64@0.25.7": {
      "integrity": "sha512-jyOFLGP2WwRwxM8F1VpP6gcdIJc8jq2CUrURbbTouJoRO7XCkU8GdnTDFIHdcifVBT45cJlOYsZ1kSlfbKjYUQ==",
      "os": ["darwin"],
      "cpu": ["arm64"]
    },
    "@esbuild/darwin-x64@0.25.7": {
      "integrity": "sha512-m9bVWqZCwQ1BthruifvG64hG03zzz9gE2r/vYAhztBna1/+qXiHyP9WgnyZqHgGeXoimJPhAmxfbeU+nMng6ZA==",
      "os": ["darwin"],
      "cpu": ["x64"]
    },
    "@esbuild/freebsd-arm64@0.25.7": {
      "integrity": "sha512-Bss7P4r6uhr3kDzRjPNEnTm/oIBdTPRNQuwaEFWT/uvt6A1YzK/yn5kcx5ZxZ9swOga7LqeYlu7bDIpDoS01bA==",
      "os": ["freebsd"],
      "cpu": ["arm64"]
    },
    "@esbuild/freebsd-x64@0.25.7": {
      "integrity": "sha512-S3BFyjW81LXG7Vqmr37ddbThrm3A84yE7ey/ERBlK9dIiaWgrjRlre3pbG7txh1Uaxz8N7wGGQXmC9zV+LIpBQ==",
      "os": ["freebsd"],
      "cpu": ["x64"]
    },
    "@esbuild/linux-arm64@0.25.7": {
      "integrity": "sha512-HfQZQqrNOfS1Okn7PcsGUqHymL1cWGBslf78dGvtrj8q7cN3FkapFgNA4l/a5lXDwr7BqP2BSO6mz9UremNPbg==",
      "os": ["linux"],
      "cpu": ["arm64"]
    },
    "@esbuild/linux-arm@0.25.7": {
      "integrity": "sha512-JZMIci/1m5vfQuhKoFXogCKVYVfYQmoZJg8vSIMR4TUXbF+0aNlfXH3DGFEFMElT8hOTUF5hisdZhnrZO/bkDw==",
      "os": ["linux"],
      "cpu": ["arm"]
    },
    "@esbuild/linux-ia32@0.25.7": {
      "integrity": "sha512-9Jex4uVpdeofiDxnwHRgen+j6398JlX4/6SCbbEFEXN7oMO2p0ueLN+e+9DdsdPLUdqns607HmzEFnxwr7+5wQ==",
      "os": ["linux"],
      "cpu": ["ia32"]
    },
    "@esbuild/linux-loong64@0.25.7": {
      "integrity": "sha512-TG1KJqjBlN9IHQjKVUYDB0/mUGgokfhhatlay8aZ/MSORMubEvj/J1CL8YGY4EBcln4z7rKFbsH+HeAv0d471w==",
      "os": ["linux"],
      "cpu": ["loong64"]
    },
    "@esbuild/linux-mips64el@0.25.7": {
      "integrity": "sha512-Ty9Hj/lx7ikTnhOfaP7ipEm/ICcBv94i/6/WDg0OZ3BPBHhChsUbQancoWYSO0WNkEiSW5Do4febTTy4x1qYQQ==",
      "os": ["linux"],
      "cpu": ["mips64el"]
    },
    "@esbuild/linux-ppc64@0.25.7": {
      "integrity": "sha512-MrOjirGQWGReJl3BNQ58BLhUBPpWABnKrnq8Q/vZWWwAB1wuLXOIxS2JQ1LT3+5T+3jfPh0tyf5CpbyQHqnWIQ==",
      "os": ["linux"],
      "cpu": ["ppc64"]
    },
    "@esbuild/linux-riscv64@0.25.7": {
      "integrity": "sha512-9pr23/pqzyqIZEZmQXnFyqp3vpa+KBk5TotfkzGMqpw089PGm0AIowkUppHB9derQzqniGn3wVXgck19+oqiOw==",
      "os": ["linux"],
      "cpu": ["riscv64"]
    },
    "@esbuild/linux-s390x@0.25.7": {
      "integrity": "sha512-4dP11UVGh9O6Y47m8YvW8eoA3r8qL2toVZUbBKyGta8j6zdw1cn9F/Rt59/Mhv0OgY68pHIMjGXWOUaykCnx+w==",
      "os": ["linux"],
      "cpu": ["s390x"]
    },
    "@esbuild/linux-x64@0.25.7": {
      "integrity": "sha512-ghJMAJTdw/0uhz7e7YnpdX1xVn7VqA0GrWrAO2qKMuqbvgHT2VZiBv1BQ//VcHsPir4wsL3P2oPggfKPzTKoCA==",
      "os": ["linux"],
      "cpu": ["x64"]
    },
    "@esbuild/netbsd-arm64@0.25.7": {
      "integrity": "sha512-bwXGEU4ua45+u5Ci/a55B85KWaDSRS8NPOHtxy2e3etDjbz23wlry37Ffzapz69JAGGc4089TBo+dGzydQmydg==",
      "os": ["netbsd"],
      "cpu": ["arm64"]
    },
    "@esbuild/netbsd-x64@0.25.7": {
      "integrity": "sha512-tUZRvLtgLE5OyN46sPSYlgmHoBS5bx2URSrgZdW1L1teWPYVmXh+QN/sKDqkzBo/IHGcKcHLKDhBeVVkO7teEA==",
      "os": ["netbsd"],
      "cpu": ["x64"]
    },
    "@esbuild/openbsd-arm64@0.25.7": {
      "integrity": "sha512-bTJ50aoC+WDlDGBReWYiObpYvQfMjBNlKztqoNUL0iUkYtwLkBQQeEsTq/I1KyjsKA5tyov6VZaPb8UdD6ci6Q==",
      "os": ["openbsd"],
      "cpu": ["arm64"]
    },
    "@esbuild/openbsd-x64@0.25.7": {
      "integrity": "sha512-TA9XfJrgzAipFUU895jd9j2SyDh9bbNkK2I0gHcvqb/o84UeQkBpi/XmYX3cO1q/9hZokdcDqQxIi6uLVrikxg==",
      "os": ["openbsd"],
      "cpu": ["x64"]
    },
    "@esbuild/openharmony-arm64@0.25.7": {
      "integrity": "sha512-5VTtExUrWwHHEUZ/N+rPlHDwVFQ5aME7vRJES8+iQ0xC/bMYckfJ0l2n3yGIfRoXcK/wq4oXSItZAz5wslTKGw==",
      "os": ["openharmony"],
      "cpu": ["arm64"]
    },
    "@esbuild/sunos-x64@0.25.7": {
      "integrity": "sha512-umkbn7KTxsexhv2vuuJmj9kggd4AEtL32KodkJgfhNOHMPtQ55RexsaSrMb+0+jp9XL4I4o2y91PZauVN4cH3A==",
      "os": ["sunos"],
      "cpu": ["x64"]
    },
    "@esbuild/win32-arm64@0.25.7": {
      "integrity": "sha512-j20JQGP/gz8QDgzl5No5Gr4F6hurAZvtkFxAKhiv2X49yi/ih8ECK4Y35YnjlMogSKJk931iNMcd35BtZ4ghfw==",
      "os": ["win32"],
      "cpu": ["arm64"]
    },
    "@esbuild/win32-ia32@0.25.7": {
      "integrity": "sha512-4qZ6NUfoiiKZfLAXRsvFkA0hoWVM+1y2bSHXHkpdLAs/+r0LgwqYohmfZCi985c6JWHhiXP30mgZawn/XrqAkQ==",
      "os": ["win32"],
      "cpu": ["ia32"]
    },
    "@esbuild/win32-x64@0.25.7": {
      "integrity": "sha512-FaPsAHTwm+1Gfvn37Eg3E5HIpfR3i6x1AIcla/MkqAIupD4BW3MrSeUqfoTzwwJhk3WE2/KqUn4/eenEJC76VA==",
      "os": ["win32"],
      "cpu": ["x64"]
    },
    "@isaacs/fs-minipass@4.0.1": {
      "integrity": "sha512-wgm9Ehl2jpeqP3zw/7mo3kRHFp5MEDhqAdwy1fTGkHAwnkGOVsgpvQhL8B5n1qlb01jV3n/bI0ZfZp5lWA1k4w==",
      "dependencies": [
        "minipass"
      ]
    },
    "@jridgewell/gen-mapping@0.3.13": {
      "integrity": "sha512-2kkt/7niJ6MgEPxF0bYdQ6etZaA+fQvDcLKckhy1yIQOzaoKjBBjSj63/aLVjYE3qhRt5dvM+uUyfCg6UKCBbA==",
      "dependencies": [
        "@jridgewell/sourcemap-codec",
        "@jridgewell/trace-mapping"
      ]
    },
    "@jridgewell/remapping@2.3.5": {
      "integrity": "sha512-LI9u/+laYG4Ds1TDKSJW2YPrIlcVYOwi2fUC6xB43lueCjgxV4lffOCZCtYFiH6TNOX+tQKXx97T4IKHbhyHEQ==",
      "dependencies": [
        "@jridgewell/gen-mapping",
        "@jridgewell/trace-mapping"
      ]
    },
    "@jridgewell/resolve-uri@3.1.2": {
      "integrity": "sha512-bRISgCIjP20/tbWSPWMEi54QVPRZExkuD9lJL+UIxUKtwVJA8wW1Trb1jMs1RFXo1CBTNZ/5hpC9QvmKWdopKw=="
    },
    "@jridgewell/sourcemap-codec@1.5.5": {
      "integrity": "sha512-cYQ9310grqxueWbl+WuIUIaiUaDcj7WOq5fVhEljNVgRfOUhY9fy2zTvfoqWsnebh8Sl70VScFbICvJnLKB0Og=="
    },
    "@jridgewell/trace-mapping@0.3.31": {
      "integrity": "sha512-zzNR+SdQSDJzc8joaeP8QQoCQr8NuYx2dIIytl1QeBEZHJ9uW6hebsrYgbz8hJwUQao3TWCMtmfV8Nu1twOLAw==",
      "dependencies": [
        "@jridgewell/resolve-uri",
        "@jridgewell/sourcemap-codec"
      ]
    },
    "@opentelemetry/api@1.9.0": {
      "integrity": "sha512-3giAOQvZiH5F9bMlMiv8+GSPMeqg0dbaeo58/0SlA9sxSqZhnUtxzX9/2FzyhS9sWQf5S0GJE0AKBrFqjpeYcg=="
    },
    "@preact/signals-core@1.12.1": {
      "integrity": "sha512-BwbTXpj+9QutoZLQvbttRg5x3l5468qaV2kufh+51yha1c53ep5dY4kTuZR35+3pAZxpfQerGJiQqg34ZNZ6uA=="
    },
    "@preact/signals@2.3.2_preact@10.27.2": {
      "integrity": "sha512-Q22avIn4z0BQnmFeo6Y5HCnJTo8VufN84zN51OtqeNgZOVCYgdwEOcJKVX1x/IrjRVxUnOy6Ubn7H5aVFujXaQ==",
      "dependencies": [
        "@preact/signals-core",
        "preact"
      ]
    },
    "@tailwindcss/node@4.1.14": {
      "integrity": "sha512-hpz+8vFk3Ic2xssIA3e01R6jkmsAhvkQdXlEbRTk6S10xDAtiQiM3FyvZVGsucefq764euO/b8WUW9ysLdThHw==",
      "dependencies": [
        "@jridgewell/remapping",
        "enhanced-resolve",
        "jiti",
        "lightningcss",
        "magic-string",
        "source-map-js",
        "tailwindcss"
      ]
    },
    "@tailwindcss/oxide-android-arm64@4.1.14": {
      "integrity": "sha512-a94ifZrGwMvbdeAxWoSuGcIl6/DOP5cdxagid7xJv6bwFp3oebp7y2ImYsnZBMTwjn5Ev5xESvS3FFYUGgPODQ==",
      "os": ["android"],
      "cpu": ["arm64"]
    },
    "@tailwindcss/oxide-darwin-arm64@4.1.14": {
      "integrity": "sha512-HkFP/CqfSh09xCnrPJA7jud7hij5ahKyWomrC3oiO2U9i0UjP17o9pJbxUN0IJ471GTQQmzwhp0DEcpbp4MZTA==",
      "os": ["darwin"],
      "cpu": ["arm64"]
    },
    "@tailwindcss/oxide-darwin-x64@4.1.14": {
      "integrity": "sha512-eVNaWmCgdLf5iv6Qd3s7JI5SEFBFRtfm6W0mphJYXgvnDEAZ5sZzqmI06bK6xo0IErDHdTA5/t7d4eTfWbWOFw==",
      "os": ["darwin"],
      "cpu": ["x64"]
    },
    "@tailwindcss/oxide-freebsd-x64@4.1.14": {
      "integrity": "sha512-QWLoRXNikEuqtNb0dhQN6wsSVVjX6dmUFzuuiL09ZeXju25dsei2uIPl71y2Ic6QbNBsB4scwBoFnlBfabHkEw==",
      "os": ["freebsd"],
      "cpu": ["x64"]
    },
    "@tailwindcss/oxide-linux-arm-gnueabihf@4.1.14": {
      "integrity": "sha512-VB4gjQni9+F0VCASU+L8zSIyjrLLsy03sjcR3bM0V2g4SNamo0FakZFKyUQ96ZVwGK4CaJsc9zd/obQy74o0Fw==",
      "os": ["linux"],
      "cpu": ["arm"]
    },
    "@tailwindcss/oxide-linux-arm64-gnu@4.1.14": {
      "integrity": "sha512-qaEy0dIZ6d9vyLnmeg24yzA8XuEAD9WjpM5nIM1sUgQ/Zv7cVkharPDQcmm/t/TvXoKo/0knI3me3AGfdx6w1w==",
      "os": ["linux"],
      "cpu": ["arm64"]
    },
    "@tailwindcss/oxide-linux-arm64-musl@4.1.14": {
      "integrity": "sha512-ISZjT44s59O8xKsPEIesiIydMG/sCXoMBCqsphDm/WcbnuWLxxb+GcvSIIA5NjUw6F8Tex7s5/LM2yDy8RqYBQ==",
      "os": ["linux"],
      "cpu": ["arm64"]
    },
    "@tailwindcss/oxide-linux-x64-gnu@4.1.14": {
      "integrity": "sha512-02c6JhLPJj10L2caH4U0zF8Hji4dOeahmuMl23stk0MU1wfd1OraE7rOloidSF8W5JTHkFdVo/O7uRUJJnUAJg==",
      "os": ["linux"],
      "cpu": ["x64"]
    },
    "@tailwindcss/oxide-linux-x64-musl@4.1.14": {
      "integrity": "sha512-TNGeLiN1XS66kQhxHG/7wMeQDOoL0S33x9BgmydbrWAb9Qw0KYdd8o1ifx4HOGDWhVmJ+Ul+JQ7lyknQFilO3Q==",
      "os": ["linux"],
      "cpu": ["x64"]
    },
    "@tailwindcss/oxide-wasm32-wasi@4.1.14": {
      "integrity": "sha512-uZYAsaW/jS/IYkd6EWPJKW/NlPNSkWkBlaeVBi/WsFQNP05/bzkebUL8FH1pdsqx4f2fH/bWFcUABOM9nfiJkQ==",
      "cpu": ["wasm32"]
    },
    "@tailwindcss/oxide-win32-arm64-msvc@4.1.14": {
      "integrity": "sha512-Az0RnnkcvRqsuoLH2Z4n3JfAef0wElgzHD5Aky/e+0tBUxUhIeIqFBTMNQvmMRSP15fWwmvjBxZ3Q8RhsDnxAA==",
      "os": ["win32"],
      "cpu": ["arm64"]
    },
    "@tailwindcss/oxide-win32-x64-msvc@4.1.14": {
      "integrity": "sha512-ttblVGHgf68kEE4om1n/n44I0yGPkCPbLsqzjvybhpwa6mKKtgFfAzy6btc3HRmuW7nHe0OOrSeNP9sQmmH9XA==",
      "os": ["win32"],
      "cpu": ["x64"]
    },
    "@tailwindcss/oxide@4.1.14": {
      "integrity": "sha512-23yx+VUbBwCg2x5XWdB8+1lkPajzLmALEfMb51zZUBYaYVPDQvBSD/WYDqiVyBIo2BZFa3yw1Rpy3G2Jp+K0dw==",
      "dependencies": [
        "detect-libc",
        "tar"
      ],
      "optionalDependencies": [
        "@tailwindcss/oxide-android-arm64",
        "@tailwindcss/oxide-darwin-arm64",
        "@tailwindcss/oxide-darwin-x64",
        "@tailwindcss/oxide-freebsd-x64",
        "@tailwindcss/oxide-linux-arm-gnueabihf",
        "@tailwindcss/oxide-linux-arm64-gnu",
        "@tailwindcss/oxide-linux-arm64-musl",
        "@tailwindcss/oxide-linux-x64-gnu",
        "@tailwindcss/oxide-linux-x64-musl",
        "@tailwindcss/oxide-wasm32-wasi",
        "@tailwindcss/oxide-win32-arm64-msvc",
        "@tailwindcss/oxide-win32-x64-msvc"
      ],
      "scripts": true
    },
    "@tailwindcss/postcss@4.1.14": {
      "integrity": "sha512-BdMjIxy7HUNThK87C7BC8I1rE8BVUsfNQSI5siQ4JK3iIa3w0XyVvVL9SXLWO//CtYTcp1v7zci0fYwJOjB+Zg==",
      "dependencies": [
        "@alloc/quick-lru",
        "@tailwindcss/node",
        "@tailwindcss/oxide",
        "postcss",
        "tailwindcss"
      ]
    },
    "@types/node@24.2.0": {
      "integrity": "sha512-3xyG3pMCq3oYCNg7/ZP+E1ooTaGB4cG8JWRsqqOYQdbWNY4zbaV0Ennrd7stjiJEFZCaybcIgpTjJWHRfBSIDw==",
      "dependencies": [
        "undici-types"
      ]
    },
    "chownr@3.0.0": {
      "integrity": "sha512-+IxzY9BZOQd/XuYPRmrvEVjF/nqj5kgT4kEq7VofrDoM1MxoRjEWkrCC3EtLi59TVawxTAn+orJwFQcrqEN1+g=="
    },
    "daisyui@5.2.3": {
      "integrity": "sha512-sldBQUIFCsSPoF4LvoHhIi9GnvBX/3aZD9NoTOvpTSX8sDjO484wQx7yEvRyREMpn4rZMvQSKKskHAHdM8+B4Q=="
    },
    "detect-libc@2.1.2": {
      "integrity": "sha512-Btj2BOOO83o3WyH59e8MgXsxEQVcarkUOpEYrubB0urwnN10yQ364rsiByU11nZlqWYZm05i/of7io4mzihBtQ=="
    },
    "enhanced-resolve@5.18.3": {
      "integrity": "sha512-d4lC8xfavMeBjzGr2vECC3fsGXziXZQyJxD868h2M/mBI3PwAuODxAkLkq5HYuvrPYcUtiLzsTo8U3PgX3Ocww==",
      "dependencies": [
        "graceful-fs",
        "tapable"
      ]
    },
    "esbuild-wasm@0.25.11": {
      "integrity": "sha512-60gllbYFIRGzB6KALBB5Va9Wy3VeCi2U0NgmM7r+TFnRgzeEyoCn2D7fhacW2zWbd7MUeTKLDE7RlfYGBQ00bw==",
      "bin": true
    },
    "esbuild@0.25.7": {
      "integrity": "sha512-daJB0q2dmTzo90L9NjRaohhRWrCzYxWNFTjEi72/h+p5DcY3yn4MacWfDakHmaBaDzDiuLJsCh0+6LK/iX+c+Q==",
      "optionalDependencies": [
        "@esbuild/aix-ppc64",
        "@esbuild/android-arm",
        "@esbuild/android-arm64",
        "@esbuild/android-x64",
        "@esbuild/darwin-arm64",
        "@esbuild/darwin-x64",
        "@esbuild/freebsd-arm64",
        "@esbuild/freebsd-x64",
        "@esbuild/linux-arm",
        "@esbuild/linux-arm64",
        "@esbuild/linux-ia32",
        "@esbuild/linux-loong64",
        "@esbuild/linux-mips64el",
        "@esbuild/linux-ppc64",
        "@esbuild/linux-riscv64",
        "@esbuild/linux-s390x",
        "@esbuild/linux-x64",
        "@esbuild/netbsd-arm64",
        "@esbuild/netbsd-x64",
        "@esbuild/openbsd-arm64",
        "@esbuild/openbsd-x64",
        "@esbuild/openharmony-arm64",
        "@esbuild/sunos-x64",
        "@esbuild/win32-arm64",
        "@esbuild/win32-ia32",
        "@esbuild/win32-x64"
      ],
      "scripts": true,
      "bin": true
    },
    "graceful-fs@4.2.11": {
      "integrity": "sha512-RbJ5/jmFcNNCcDV5o9eTnBLJ/HszWV0P73bc+Ff4nS/rJj+YaS6IGyiOL0VoBYX+l1Wrl3k63h/KrH+nhJ0XvQ=="
    },
    "jiti@2.6.1": {
      "integrity": "sha512-ekilCSN1jwRvIbgeg/57YFh8qQDNbwDb9xT/qu2DAHbFFZUicIl4ygVaAvzveMhMVr3LnpSKTNnwt8PoOfmKhQ==",
      "bin": true
    },
    "lightningcss-darwin-arm64@1.30.1": {
      "integrity": "sha512-c8JK7hyE65X1MHMN+Viq9n11RRC7hgin3HhYKhrMyaXflk5GVplZ60IxyoVtzILeKr+xAJwg6zK6sjTBJ0FKYQ==",
      "os": ["darwin"],
      "cpu": ["arm64"]
    },
    "lightningcss-darwin-x64@1.30.1": {
      "integrity": "sha512-k1EvjakfumAQoTfcXUcHQZhSpLlkAuEkdMBsI/ivWw9hL+7FtilQc0Cy3hrx0AAQrVtQAbMI7YjCgYgvn37PzA==",
      "os": ["darwin"],
      "cpu": ["x64"]
    },
    "lightningcss-freebsd-x64@1.30.1": {
      "integrity": "sha512-kmW6UGCGg2PcyUE59K5r0kWfKPAVy4SltVeut+umLCFoJ53RdCUWxcRDzO1eTaxf/7Q2H7LTquFHPL5R+Gjyig==",
      "os": ["freebsd"],
      "cpu": ["x64"]
    },
    "lightningcss-linux-arm-gnueabihf@1.30.1": {
      "integrity": "sha512-MjxUShl1v8pit+6D/zSPq9S9dQ2NPFSQwGvxBCYaBYLPlCWuPh9/t1MRS8iUaR8i+a6w7aps+B4N0S1TYP/R+Q==",
      "os": ["linux"],
      "cpu": ["arm"]
    },
    "lightningcss-linux-arm64-gnu@1.30.1": {
      "integrity": "sha512-gB72maP8rmrKsnKYy8XUuXi/4OctJiuQjcuqWNlJQ6jZiWqtPvqFziskH3hnajfvKB27ynbVCucKSm2rkQp4Bw==",
      "os": ["linux"],
      "cpu": ["arm64"]
    },
    "lightningcss-linux-arm64-musl@1.30.1": {
      "integrity": "sha512-jmUQVx4331m6LIX+0wUhBbmMX7TCfjF5FoOH6SD1CttzuYlGNVpA7QnrmLxrsub43ClTINfGSYyHe2HWeLl5CQ==",
      "os": ["linux"],
      "cpu": ["arm64"]
    },
    "lightningcss-linux-x64-gnu@1.30.1": {
      "integrity": "sha512-piWx3z4wN8J8z3+O5kO74+yr6ze/dKmPnI7vLqfSqI8bccaTGY5xiSGVIJBDd5K5BHlvVLpUB3S2YCfelyJ1bw==",
      "os": ["linux"],
      "cpu": ["x64"]
    },
    "lightningcss-linux-x64-musl@1.30.1": {
      "integrity": "sha512-rRomAK7eIkL+tHY0YPxbc5Dra2gXlI63HL+v1Pdi1a3sC+tJTcFrHX+E86sulgAXeI7rSzDYhPSeHHjqFhqfeQ==",
      "os": ["linux"],
      "cpu": ["x64"]
    },
    "lightningcss-win32-arm64-msvc@1.30.1": {
      "integrity": "sha512-mSL4rqPi4iXq5YVqzSsJgMVFENoa4nGTT/GjO2c0Yl9OuQfPsIfncvLrEW6RbbB24WtZ3xP/2CCmI3tNkNV4oA==",
      "os": ["win32"],
      "cpu": ["arm64"]
    },
    "lightningcss-win32-x64-msvc@1.30.1": {
      "integrity": "sha512-PVqXh48wh4T53F/1CCu8PIPCxLzWyCnn/9T5W1Jpmdy5h9Cwd+0YQS6/LwhHXSafuc61/xg9Lv5OrCby6a++jg==",
      "os": ["win32"],
      "cpu": ["x64"]
    },
    "lightningcss@1.30.1": {
      "integrity": "sha512-xi6IyHML+c9+Q3W0S4fCQJOym42pyurFiJUHEcEyHS0CeKzia4yZDEsLlqOFykxOdHpNy0NmvVO31vcSqAxJCg==",
      "dependencies": [
        "detect-libc"
      ],
      "optionalDependencies": [
        "lightningcss-darwin-arm64",
        "lightningcss-darwin-x64",
        "lightningcss-freebsd-x64",
        "lightningcss-linux-arm-gnueabihf",
        "lightningcss-linux-arm64-gnu",
        "lightningcss-linux-arm64-musl",
        "lightningcss-linux-x64-gnu",
        "lightningcss-linux-x64-musl",
        "lightningcss-win32-arm64-msvc",
        "lightningcss-win32-x64-msvc"
      ]
    },
    "magic-string@0.30.19": {
      "integrity": "sha512-2N21sPY9Ws53PZvsEpVtNuSW+ScYbQdp4b9qUaL+9QkHUrGFKo56Lg9Emg5s9V/qrtNBmiR01sYhUOwu3H+VOw==",
      "dependencies": [
        "@jridgewell/sourcemap-codec"
      ]
    },
    "minipass@7.1.2": {
      "integrity": "sha512-qOOzS1cBTWYF4BH8fVePDBOO9iptMnGUEZwNc/cMWnTV2nVLZ7VoNWEPHkYczZA0pdoA7dl6e7FL659nX9S2aw=="
    },
    "minizlib@3.1.0": {
      "integrity": "sha512-KZxYo1BUkWD2TVFLr0MQoM8vUUigWD3LlD83a/75BqC+4qE0Hb1Vo5v1FgcfaNXvfXzr+5EhQ6ing/CaBijTlw==",
      "dependencies": [
        "minipass"
      ]
    },
    "nanoid@3.3.11": {
      "integrity": "sha512-N8SpfPUnUp1bK+PMYW8qSWdl9U+wwNWI4QKxOYDy9JAro3WMX7p2OeVRF9v+347pnakNevPmiHhNmZ2HbFA76w==",
      "bin": true
    },
    "picocolors@1.1.1": {
      "integrity": "sha512-xceH2snhtb5M9liqDsmEw56le376mTZkEX/jEb/RxNFyegNul7eNslCXP9FDj/Lcu0X8KEyMceP2ntpaHrDEVA=="
    },
    "postcss@8.5.6": {
      "integrity": "sha512-3Ybi1tAuwAP9s0r1UQ2J4n5Y0G05bJkpUIO0/bI9MhwmD70S5aTWbXGBwxHrelT+XM1k6dM0pk+SwNkpTRN7Pg==",
      "dependencies": [
        "nanoid",
        "picocolors",
        "source-map-js"
      ]
    },
    "preact-render-to-string@6.6.3_preact@10.27.2": {
      "integrity": "sha512-7oHG7jzjriqsFPkSPiPnzrQ0GcxFm6wOkYWNdStK5Ks9YlWSQQXKGBRAX4nKDdqX7HAQuRvI4pZNZMycK4WwDw==",
      "dependencies": [
        "preact"
      ]
    },
    "preact@10.27.2": {
      "integrity": "sha512-5SYSgFKSyhCbk6SrXyMpqjb5+MQBgfvEKE/OC+PujcY34sOpqtr+0AZQtPYx5IA6VxynQ7rUPCtKzyovpj9Bpg=="
    },
    "source-map-js@1.2.1": {
      "integrity": "sha512-UXWMKhLOwVKb728IUtQPXxfYU+usdybtUrK/8uGE8CQMvrhOpwvzDBwj0QhSL7MQc7vIsISBG8VQ8+IDQxpfQA=="
    },
    "tailwindcss@4.1.14": {
      "integrity": "sha512-b7pCxjGO98LnxVkKjaZSDeNuljC4ueKUddjENJOADtubtdo8llTaJy7HwBMeLNSSo2N5QIAgklslK1+Ir8r6CA=="
    },
    "tapable@2.3.0": {
      "integrity": "sha512-g9ljZiwki/LfxmQADO3dEY1CbpmXT5Hm2fJ+QaGKwSXUylMybePR7/67YW7jOrrvjEgL1Fmz5kzyAjWVWLlucg=="
    },
    "tar@7.5.1": {
      "integrity": "sha512-nlGpxf+hv0v7GkWBK2V9spgactGOp0qvfWRxUMjqHyzrt3SgwE48DIv/FhqPHJYLHpgW1opq3nERbz5Anq7n1g==",
      "dependencies": [
        "@isaacs/fs-minipass",
        "chownr",
        "minipass",
        "minizlib",
        "yallist"
      ]
    },
    "undici-types@7.10.0": {
      "integrity": "sha512-t5Fy/nfn+14LuOc2KNYg75vZqClpAiqscVvMygNnlsHBFpSXdJaYtXMcdNLpl/Qvc3P2cB3s6lOV51nqsFq4ag=="
    },
    "yallist@5.0.0": {
      "integrity": "sha512-YgvUTfwqyc7UXVMrB+SImsVYSmTS8X/tSrtdNZMImM+n7+QTriRXyXim0mBrTXNeqzVF0KWGgHPeiyViFFrNDw=="
    }
  },
  "workspace": {
    "dependencies": [
      "jsr:@fresh/core@^2.1.4",
      "jsr:@fresh/plugin-tailwind@1",
      "npm:@preact/signals@^2.3.2",
      "npm:daisyui@^5.2.3",
      "npm:preact@^10.27.2",
      "npm:tailwindcss@4"
    ]
  }
}
